
Microsoft Visual Studio Solution File, Format Version 12.00
# Visual Studio Version 16
VisualStudioVersion = 16.0.30503.244
MinimumVisualStudioVersion = 10.0.40219.1
Project("{FAE04EC0-301F-11D3-BF4B-00C04F79EFBC}") = "sounakapp", "sounakapp.csproj", "{C1614BF0-CDDA-4073-9B8F-9F5082B1D231}"
EndProject
Global
	GlobalSection(SolutionConfigurationPlatforms) = preSolution
		Debug|Any CPU = Debug|Any CPU
		Release|Any CPU = Release|Any CPU
	EndGlobalSection
	GlobalSection(ProjectConfigurationPlatforms) = postSolution
		{C1614BF0-CDDA-4073-9B8F-9F5082B1D231}.Debug|Any CPU.ActiveCfg = Debug|Any CPU
		{C1614BF0-CDDA-4073-9B8F-9F5082B1D231}.Debug|Any CPU.Build.0 = Debug|Any CPU
		{C1614BF0-CDDA-4073-9B8F-9F5082B1D231}.Release|Any CPU.ActiveCfg = Release|Any CPU
		{C1614BF0-CDDA-4073-9B8F-9F5082B1D231}.Release|Any CPU.Build.0 = Release|Any CPU
	EndGlobalSection
	GlobalSection(SolutionProperties) = preSolution
		HideSolutionNode = FALSE
	EndGlobalSection
	GlobalSection(ExtensibilityGlobals) = postSolution
		SolutionGuid = {06044B50-E627-4B6F-88DE-9638F484DA6A}
	EndGlobalSection
EndGlobal
